// !$*UTF8*$!
{
	archiveVersion = 1;
	classes = {
	};
	objectVersion = 77;
	objects = {

/* Begin PBXBuildFile section */
		C0E5893F2DB1415400ECBF15 /* .gitignore in Resources */ = {isa = PBXBuildFile; fileRef = C0E5893E2DB1414600ECBF15 /* .gitignore */; };
/* End PBXBuildFile section */

/* Begin PBXContainerItemProxy section */
		C0E589222DB139AB00ECBF15 /* PBXContainerItemProxy */ = {
			isa = PBXContainerItemProxy;
			containerPortal = C0E589042DB139AA00ECBF15 /* Project object */;
			proxyType = 1;
			remoteGlobalIDString = C0E5890B2DB139AA00ECBF15;
			remoteInfo = Savey;
		};
		C0E5892C2DB139AB00ECBF15 /* PBXContainerItemProxy */ = {
			isa = PBXContainerItemProxy;
			containerPortal = C0E589042DB139AA00ECBF15 /* Project object */;
			proxyType = 1;
			remoteGlobalIDString = C0E5890B2DB139AA00ECBF15;
			remoteInfo = Savey;
		};
/* End PBXContainerItemProxy section */

/* Begin PBXFileReference section */
		C0E5890C2DB139AA00ECBF15 /* Savey.app */ = {isa = PBXFileReference; explicitFileType = wrapper.application; includeInIndex = 0; path = Savey.app; sourceTree = BUILT_PRODUCTS_DIR; };
		C0E589212DB139AB00ECBF15 /* SaveyTests.xctest */ = {isa = PBXFileReference; explicitFileType = wrapper.cfbundle; includeInIndex = 0; path = SaveyTests.xctest; sourceTree = BUILT_PRODUCTS_DIR; };
		C0E5892B2DB139AB00ECBF15 /* SaveyUITests.xctest */ = {isa = PBXFileReference; explicitFileType = wrapper.cfbundle; includeInIndex = 0; path = SaveyUITests.xctest; sourceTree = BUILT_PRODUCTS_DIR; };
		C0E5893E2DB1414600ECBF15 /* .gitignore */ = {isa = PBXFileReference; lastKnownFileType = text; path = .gitignore; sourceTree = "<group>"; };
/* End PBXFileReference section */

/* Begin PBXFileSystemSynchronizedRootGroup section */
		C0E5890E2DB139AA00ECBF15 /* Savey */ = {
			isa = PBXFileSystemSynchronizedRootGroup;
			path = Savey;
			sourceTree = "<group>";
		};
		C0E589242DB139AB00ECBF15 /* SaveyTests */ = {
			isa = PBXFileSystemSynchronizedRootGroup;
			path = SaveyTests;
			sourceTree = "<group>";
		};
		C0E5892E2DB139AB00ECBF15 /* SaveyUITests */ = {
			isa = PBXFileSystemSynchronizedRootGroup;
			path = SaveyUITests;
			sourceTree = "<group>";
		};
/* End PBXFileSystemSynchronizedRootGroup section */

/* Begin PBXFrameworksBuildPhase section */
		C0E589092DB139AA00ECBF15 /* Frameworks */ = {
			isa = PBXFrameworksBuildPhase;
			buildActionMask = 2147483647;
			files = (
			);
			runOnlyForDeploymentPostprocessing = 0;
		};
		C0E5891E2DB139AB00ECBF15 /* Frameworks */ = {
			isa = PBXFrameworksBuildPhase;
			buildActionMask = 2147483647;
			files = (
			);
			runOnlyForDeploymentPostprocessing = 0;
		};
		C0E589282DB139AB00ECBF15 /* Frameworks */ = {
			isa = PBXFrameworksBuildPhase;
			buildActionMask = 2147483647;
			files = (
			);
			runOnlyForDeploymentPostprocessing = 0;
		};
/* End PBXFrameworksBuildPhase section */

/* Begin PBXGroup section */
		C0E589032DB139AA00ECBF15 = {
			isa = PBXGroup;
			children = (
				C0E5893E2DB1414600ECBF15 /* .gitignore */,
				C0E5890E2DB139AA00ECBF15 /* Savey */,
				C0E589242DB139AB00ECBF15 /* SaveyTests */,
				C0E5892E2DB139AB00ECBF15 /* SaveyUITests */,
				C0E5890D2DB139AA00ECBF15 /* Products */,
			);
			sourceTree = "<group>";
		};
		C0E5890D2DB139AA00ECBF15 /* Products */ = {
			isa = PBXGroup;
			children = (
				C0E5890C2DB139AA00ECBF15 /* Savey.app */,
				C0E589212DB139AB00ECBF15 /* SaveyTests.xctest */,
				C0E5892B2DB139AB00ECBF15 /* SaveyUITests.xctest */,
			);
			name = Products;
			sourceTree = "<group>";
		};
/* End PBXGroup section */

/* Begin PBXNativeTarget section */
		C0E5890B2DB139AA00ECBF15 /* Savey */ = {
			isa = PBXNativeTarget;
			buildConfigurationList = C0E589352DB139AB00ECBF15 /* Build configuration list for PBXNativeTarget "Savey" */;
			buildPhases = (
				C0E589082DB139AA00ECBF15 /* Sources */,
				C0E589092DB139AA00ECBF15 /* Frameworks */,
				C0E5890A2DB139AA00ECBF15 /* Resources */,
			);
			buildRules = (
			);
			dependencies = (
			);
			fileSystemSynchronizedGroups = (
				C0E5890E2DB139AA00ECBF15 /* Savey */,
			);
			name = Savey;
			packageProductDependencies = (
			);
			productName = Savey;
			productReference = C0E5890C2DB139AA00ECBF15 /* Savey.app */;
			productType = "com.apple.product-type.application";
		};
		C0E589202DB139AB00ECBF15 /* SaveyTests */ = {
			isa = PBXNativeTarget;
			buildConfigurationList = C0E589382DB139AB00ECBF15 /* Build configuration list for PBXNativeTarget "SaveyTests" */;
			buildPhases = (
				C0E5891D2DB139AB00ECBF15 /* Sources */,
				C0E5891E2DB139AB00ECBF15 /* Frameworks */,
				C0E5891F2DB139AB00ECBF15 /* Resources */,
			);
			buildRules = (
			);
			dependencies = (
				C0E589232DB139AB00ECBF15 /* PBXTargetDependency */,
			);
			fileSystemSynchronizedGroups = (
				C0E589242DB139AB00ECBF15 /* SaveyTests */,
			);
			name = SaveyTests;
			packageProductDependencies = (
			);
			productName = SaveyTests;
			productReference = C0E589212DB139AB00ECBF15 /* SaveyTests.xctest */;
			productType = "com.apple.product-type.bundle.unit-test";
		};
		C0E5892A2DB139AB00ECBF15 /* SaveyUITests */ = {
			isa = PBXNativeTarget;
			buildConfigurationList = C0E5893B2DB139AB00ECBF15 /* Build configuration list for PBXNativeTarget "SaveyUITests" */;
			buildPhases = (
				C0E589272DB139AB00ECBF15 /* Sources */,
				C0E589282DB139AB00ECBF15 /* Frameworks */,
				C0E589292DB139AB00ECBF15 /* Resources */,
			);
			buildRules = (
			);
			dependencies = (
				C0E5892D2DB139AB00ECBF15 /* PBXTargetDependency */,
			);
			fileSystemSynchronizedGroups = (
				C0E5892E2DB139AB00ECBF15 /* SaveyUITests */,
			);
			name = SaveyUITests;
			packageProductDependencies = (
			);
			productName = SaveyUITests;
			productReference = C0E5892B2DB139AB00ECBF15 /* SaveyUITests.xctest */;
			productType = "com.apple.product-type.bundle.ui-testing";
		};
/* End PBXNativeTarget section */

/* Begin PBXProject section */
		C0E589042DB139AA00ECBF15 /* Project object */ = {
			isa = PBXProject;
			attributes = {
				BuildIndependentTargetsInParallel = 1;
				LastSwiftUpdateCheck = 1620;
				LastUpgradeCheck = 1620;
				TargetAttributes = {
					C0E5890B2DB139AA00ECBF15 = {
						CreatedOnToolsVersion = 16.2;
					};
					C0E589202DB139AB00ECBF15 = {
						CreatedOnToolsVersion = 16.2;
						TestTargetID = C0E5890B2DB139AA00ECBF15;
					};
					C0E5892A2DB139AB00ECBF15 = {
						CreatedOnToolsVersion = 16.2;
						TestTargetID = C0E5890B2DB139AA00ECBF15;
					};
				};
			};
			buildConfigurationList = C0E589072DB139AA00ECBF15 /* Build configuration list for PBXProject "Savey" */;
			developmentRegion = en;
			hasScannedForEncodings = 0;
			knownRegions = (
				en,
				Base,
			);
			mainGroup = C0E589032DB139AA00ECBF15;
			minimizedProjectReferenceProxies = 1;
			preferredProjectObjectVersion = 77;
			productRefGroup = C0E5890D2DB139AA00ECBF15 /* Products */;
			projectDirPath = "";
			projectRoot = "";
			targets = (
				C0E5890B2DB139AA00ECBF15 /* Savey */,
				C0E589202DB139AB00ECBF15 /* SaveyTests */,
				C0E5892A2DB139AB00ECBF15 /* SaveyUITests */,
			);
		};
/* End PBXProject section */

/* Begin PBXResourcesBuildPhase section */
		C0E5890A2DB139AA00ECBF15 /* Resources */ = {
			isa = PBXResourcesBuildPhase;
			buildActionMask = 2147483647;
			files = (
				C0E5893F2DB1415400ECBF15 /* .gitignore in Resources */,
			);
			runOnlyForDeploymentPostprocessing = 0;
		};
		C0E5891F2DB139AB00ECBF15 /* Resources */ = {
			isa = PBXResourcesBuildPhase;
			buildActionMask = 2147483647;
			files = (
			);
			runOnlyForDeploymentPostprocessing = 0;
		};
		C0E589292DB139AB00ECBF15 /* Resources */ = {
			isa = PBXResourcesBuildPhase;
			buildActionMask = 2147483647;
			files = (
			);
			runOnlyForDeploymentPostprocessing = 0;
		};
/* End PBXResourcesBuildPhase section */

/* Begin PBXSourcesBuildPhase section */
		C0E589082DB139AA00ECBF15 /* Sources */ = {
			isa = PBXSourcesBuildPhase;
			buildActionMask = 2147483647;
			files = (
			);
			runOnlyForDeploymentPostprocessing = 0;
		};
		C0E5891D2DB139AB00ECBF15 /* Sources */ = {
			isa = PBXSourcesBuildPhase;
			buildActionMask = 2147483647;
			files = (
			);
			runOnlyForDeploymentPostprocessing = 0;
		};
		C0E589272DB139AB00ECBF15 /* Sources */ = {
			isa = PBXSourcesBuildPhase;
			buildActionMask = 2147483647;
			files = (
			);
			runOnlyForDeploymentPostprocessing = 0;
		};
/* End PBXSourcesBuildPhase section */

/* Begin PBXTargetDependency section */
		C0E589232DB139AB00ECBF15 /* PBXTargetDependency */ = {
			isa = PBXTargetDependency;
			target = C0E5890B2DB139AA00ECBF15 /* Savey */;
			targetProxy = C0E589222DB139AB00ECBF15 /* PBXContainerItemProxy */;
		};
		C0E5892D2DB139AB00ECBF15 /* PBXTargetDependency */ = {
			isa = PBXTargetDependency;
			target = C0E5890B2DB139AA00ECBF15 /* Savey */;
			targetProxy = C0E5892C2DB139AB00ECBF15 /* PBXContainerItemProxy */;
		};
/* End PBXTargetDependency section */

/* Begin XCBuildConfiguration section */
		C0E589332DB139AB00ECBF15 /* Debug */ = {
			isa = XCBuildConfiguration;
			buildSettings = {
				ALWAYS_SEARCH_USER_PATHS = NO;
				ASSETCATALOG_COMPILER_GENERATE_SWIFT_ASSET_SYMBOL_EXTENSIONS = YES;
				CLANG_ANALYZER_NONNULL = YES;
				CLANG_ANALYZER_NUMBER_OBJECT_CONVERSION = YES_AGGRESSIVE;
				CLANG_CXX_LANGUAGE_STANDARD = "gnu++20";
				CLANG_ENABLE_MODULES = YES;
				CLANG_ENABLE_OBJC_ARC = YES;
				CLANG_ENABLE_OBJC_WEAK = YES;
				CLANG_WARN_BLOCK_CAPTURE_AUTORELEASING = YES;
				CLANG_WARN_BOOL_CONVERSION = YES;
				CLANG_WARN_COMMA = YES;
				CLANG_WARN_CONSTANT_CONVERSION = YES;
				CLANG_WARN_DEPRECATED_OBJC_IMPLEMENTATIONS = YES;
				CLANG_WARN_DIRECT_OBJC_ISA_USAGE = YES_ERROR;
				CLANG_WARN_DOCUMENTATION_COMMENTS = YES;
				CLANG_WARN_EMPTY_BODY = YES;
				CLANG_WARN_ENUM_CONVERSION = YES;
				CLANG_WARN_INFINITE_RECURSION = YES;
				CLANG_WARN_INT_CONVERSION = YES;
				CLANG_WARN_NON_LITERAL_NULL_CONVERSION = YES;
				CLANG_WARN_OBJC_IMPLICIT_RETAIN_SELF = YES;
				CLANG_WARN_OBJC_LITERAL_CONVERSION = YES;
				CLANG_WARN_OBJC_ROOT_CLASS = YES_ERROR;
				CLANG_WARN_QUOTED_INCLUDE_IN_FRAMEWORK_HEADER = YES;
				CLANG_WARN_RANGE_LOOP_ANALYSIS = YES;
				CLANG_WARN_STRICT_PROTOTYPES = YES;
				CLANG_WARN_SUSPICIOUS_MOVE = YES;
				CLANG_WARN_UNGUARDED_AVAILABILITY = YES_AGGRESSIVE;
				CLANG_WARN_UNREACHABLE_CODE = YES;
				CLANG_WARN__DUPLICATE_METHOD_MATCH = YES;
				COPY_PHASE_STRIP = NO;
				DEBUG_INFORMATION_FORMAT = dwarf;
				ENABLE_STRICT_OBJC_MSGSEND = YES;
				ENABLE_TESTABILITY = YES;
				ENABLE_USER_SCRIPT_SANDBOXING = YES;
				GCC_C_LANGUAGE_STANDARD = gnu17;
				GCC_DYNAMIC_NO_PIC = NO;
				GCC_NO_COMMON_BLOCKS = YES;
				GCC_OPTIMIZATION_LEVEL = 0;
				GCC_PREPROCESSOR_DEFINITIONS = (
					"DEBUG=1",
					"$(inherited)",
				);
				GCC_WARN_64_TO_32_BIT_CONVERSION = YES;
				GCC_WARN_ABOUT_RETURN_TYPE = YES_ERROR;
				GCC_WARN_UNDECLARED_SELECTOR = YES;
				GCC_WARN_UNINITIALIZED_AUTOS = YES_AGGRESSIVE;
				GCC_WARN_UNUSED_FUNCTION = YES;
				GCC_WARN_UNUSED_VARIABLE = YES;
				IPHONEOS_DEPLOYMENT_TARGET = 18.2;
				LOCALIZATION_PREFERS_STRING_CATALOGS = YES;
				MTL_ENABLE_DEBUG_INFO = INCLUDE_SOURCE;
				MTL_FAST_MATH = YES;
				ONLY_ACTIVE_ARCH = YES;
				SDKROOT = iphoneos;
				SWIFT_ACTIVE_COMPILATION_CONDITIONS = "DEBUG $(inherited)";
				SWIFT_OPTIMIZATION_LEVEL = "-Onone";
			};
			name = Debug;
		};
		C0E589342DB139AB00ECBF15 /* Release */ = {
			isa = XCBuildConfiguration;
			buildSettings = {
				ALWAYS_SEARCH_USER_PATHS = NO;
				ASSETCATALOG_COMPILER_GENERATE_SWIFT_ASSET_SYMBOL_EXTENSIONS = YES;
				CLANG_ANALYZER_NONNULL = YES;
				CLANG_ANALYZER_NUMBER_OBJECT_CONVERSION = YES_AGGRESSIVE;
				CLANG_CXX_LANGUAGE_STANDARD = "gnu++20";
				CLANG_ENABLE_MODULES = YES;
				CLANG_ENABLE_OBJC_ARC = YES;
				CLANG_ENABLE_OBJC_WEAK = YES;
				CLANG_WARN_BLOCK_CAPTURE_AUTORELEASING = YES;
				CLANG_WARN_BOOL_CONVERSION = YES;
				CLANG_WARN_COMMA = YES;
				CLANG_WARN_CONSTANT_CONVERSION = YES;
				CLANG_WARN_DEPRECATED_OBJC_IMPLEMENTATIONS = YES;
				CLANG_WARN_DIRECT_OBJC_ISA_USAGE = YES_ERROR;
				CLANG_WARN_DOCUMENTATION_COMMENTS = YES;
				CLANG_WARN_EMPTY_BODY = YES;
				CLANG_WARN_ENUM_CONVERSION = YES;
				CLANG_WARN_INFINITE_RECURSION = YES;
				CLANG_WARN_INT_CONVERSION = YES;
				CLANG_WARN_NON_LITERAL_NULL_CONVERSION = YES;
				CLANG_WARN_OBJC_IMPLICIT_RETAIN_SELF = YES;
				CLANG_WARN_OBJC_LITERAL_CONVERSION = YES;
				CLANG_WARN_OBJC_ROOT_CLASS = YES_ERROR;
				CLANG_WARN_QUOTED_INCLUDE_IN_FRAMEWORK_HEADER = YES;
				CLANG_WARN_RANGE_LOOP_ANALYSIS = YES;
				CLANG_WARN_STRICT_PROTOTYPES = YES;
				CLANG_WARN_SUSPICIOUS_MOVE = YES;
				CLANG_WARN_UNGUARDED_AVAILABILITY = YES_AGGRESSIVE;
				CLANG_WARN_UNREACHABLE_CODE = YES;
				CLANG_WARN__DUPLICATE_METHOD_MATCH = YES;
				COPY_PHASE_STRIP = NO;
				DEBUG_INFORMATION_FORMAT = "dwarf-with-dsym";
				ENABLE_NS_ASSERTIONS = NO;
				ENABLE_STRICT_OBJC_MSGSEND = YES;
				ENABLE_USER_SCRIPT_SANDBOXING = YES;
				GCC_C_LANGUAGE_STANDARD = gnu17;
				GCC_NO_COMMON_BLOCKS = YES;
				GCC_WARN_64_TO_32_BIT_CONVERSION = YES;
				GCC_WARN_ABOUT_RETURN_TYPE = YES_ERROR;
				GCC_WARN_UNDECLARED_SELECTOR = YES;
				GCC_WARN_UNINITIALIZED_AUTOS = YES_AGGRESSIVE;
				GCC_WARN_UNUSED_FUNCTION = YES;
				GCC_WARN_UNUSED_VARIABLE = YES;
				IPHONEOS_DEPLOYMENT_TARGET = 18.2;
				LOCALIZATION_PREFERS_STRING_CATALOGS = YES;
				MTL_ENABLE_DEBUG_INFO = NO;
				MTL_FAST_MATH = YES;
				SDKROOT = iphoneos;
				SWIFT_COMPILATION_MODE = wholemodule;
				VALIDATE_PRODUCT = YES;
			};
			name = Release;
		};
		C0E589362DB139AB00ECBF15 /* Debug */ = {
			isa = XCBuildConfiguration;
			buildSettings = {
				ASSETCATALOG_COMPILER_APPICON_NAME = AppIcon;
				ASSETCATALOG_COMPILER_GLOBAL_ACCENT_COLOR_NAME = AccentColor;
				CODE_SIGN_STYLE = Automatic;
				CURRENT_PROJECT_VERSION = 1;
				DEVELOPMENT_ASSET_PATHS = "\"Savey/Preview Content\"";
				DEVELOPMENT_TEAM = NB42482NDH;
				ENABLE_PREVIEWS = YES;
				GENERATE_INFOPLIST_FILE = YES;
				INFOPLIST_KEY_UIApplicationSceneManifest_Generation = YES;
				INFOPLIST_KEY_UIApplicationSupportsIndirectInputEvents = YES;
				INFOPLIST_KEY_UILaunchScreen_Generation = YES;
				INFOPLIST_KEY_UISupportedInterfaceOrientations_iPad = "UIInterfaceOrientationPortrait UIInterfaceOrientationPortraitUpsideDown UIInterfaceOrientationLandscapeLeft UIInterfaceOrientationLandscapeRight";
				INFOPLIST_KEY_UISupportedInterfaceOrientations_iPhone = "UIInterfaceOrientationPortrait UIInterfaceOrientationLandscapeLeft UIInterfaceOrientationLandscapeRight";
				LD_RUNPATH_SEARCH_PATHS = (
					"$(inherited)",
					"@executable_path/Frameworks",
				);
				MARKETING_VERSION = 1.0;
				PRODUCT_BUNDLE_IDENTIFIER = com.eunsong.Savey;
				PRODUCT_NAME = "$(TARGET_NAME)";
				SWIFT_EMIT_LOC_STRINGS = YES;
				SWIFT_VERSION = 5.0;
				TARGETED_DEVICE_FAMILY = "1,2";
			};
			name = Debug;
		};
		C0E589372DB139AB00ECBF15 /* Release */ = {
			isa = XCBuildConfiguration;
			buildSettings = {
				ASSETCATALOG_COMPILER_APPICON_NAME = AppIcon;
				ASSETCATALOG_COMPILER_GLOBAL_ACCENT_COLOR_NAME = AccentColor;
				CODE_SIGN_STYLE = Automatic;
				CURRENT_PROJECT_VERSION = 1;
				DEVELOPMENT_ASSET_PATHS = "\"Savey/Preview Content\"";
				DEVELOPMENT_TEAM = NB42482NDH;
				ENABLE_PREVIEWS = YES;
				GENERATE_INFOPLIST_FILE = YES;
				INFOPLIST_KEY_UIApplicationSceneManifest_Generation = YES;
				INFOPLIST_KEY_UIApplicationSupportsIndirectInputEvents = YES;
				INFOPLIST_KEY_UILaunchScreen_Generation = YES;
				INFOPLIST_KEY_UISupportedInterfaceOrientations_iPad = "UIInterfaceOrientationPortrait UIInterfaceOrientationPortraitUpsideDown UIInterfaceOrientationLandscapeLeft UIInterfaceOrientationLandscapeRight";
				INFOPLIST_KEY_UISupportedInterfaceOrientations_iPhone = "UIInterfaceOrientationPortrait UIInterfaceOrientationLandscapeLeft UIInterfaceOrientationLandscapeRight";
				LD_RUNPATH_SEARCH_PATHS = (
					"$(inherited)",
					"@executable_path/Frameworks",
				);
				MARKETING_VERSION = 1.0;
				PRODUCT_BUNDLE_IDENTIFIER = com.eunsong.Savey;
				PRODUCT_NAME = "$(TARGET_NAME)";
				SWIFT_EMIT_LOC_STRINGS = YES;
				SWIFT_VERSION = 5.0;
				TARGETED_DEVICE_FAMILY = "1,2";
			};
			name = Release;
		};
		C0E589392DB139AB00ECBF15 /* Debug */ = {
			isa = XCBuildConfiguration;
			buildSettings = {
				BUNDLE_LOADER = "$(TEST_HOST)";
				CODE_SIGN_STYLE = Automatic;
				CURRENT_PROJECT_VERSION = 1;
				DEVELOPMENT_TEAM = NB42482NDH;
				GENERATE_INFOPLIST_FILE = YES;
				IPHONEOS_DEPLOYMENT_TARGET = 18.2;
				MARKETING_VERSION = 1.0;
				PRODUCT_BUNDLE_IDENTIFIER = com.eunsong.SaveyTests;
				PRODUCT_NAME = "$(TARGET_NAME)";
				SWIFT_EMIT_LOC_STRINGS = NO;
				SWIFT_VERSION = 5.0;
				TARGETED_DEVICE_FAMILY = "1,2";
				TEST_HOST = "$(BUILT_PRODUCTS_DIR)/Savey.app/$(BUNDLE_EXECUTABLE_FOLDER_PATH)/Savey";
			};
			name = Debug;
		};
		C0E5893A2DB139AB00ECBF15 /* Release */ = {
			isa = XCBuildConfiguration;
			buildSettings = {
				BUNDLE_LOADER = "$(TEST_HOST)";
				CODE_SIGN_STYLE = Automatic;
				CURRENT_PROJECT_VERSION = 1;
				DEVELOPMENT_TEAM = NB42482NDH;
				GENERATE_INFOPLIST_FILE = YES;
				IPHONEOS_DEPLOYMENT_TARGET = 18.2;
				MARKETING_VERSION = 1.0;
				PRODUCT_BUNDLE_IDENTIFIER = com.eunsong.SaveyTests;
				PRODUCT_NAME = "$(TARGET_NAME)";
				SWIFT_EMIT_LOC_STRINGS = NO;
				SWIFT_VERSION = 5.0;
				TARGETED_DEVICE_FAMILY = "1,2";
				TEST_HOST = "$(BUILT_PRODUCTS_DIR)/Savey.app/$(BUNDLE_EXECUTABLE_FOLDER_PATH)/Savey";
			};
			name = Release;
		};
		C0E5893C2DB139AB00ECBF15 /* Debug */ = {
			isa = XCBuildConfiguration;
			buildSettings = {
				CODE_SIGN_STYLE = Automatic;
				CURRENT_PROJECT_VERSION = 1;
				DEVELOPMENT_TEAM = NB42482NDH;
				GENERATE_INFOPLIST_FILE = YES;
				MARKETING_VERSION = 1.0;
				PRODUCT_BUNDLE_IDENTIFIER = com.eunsong.SaveyUITests;
				PRODUCT_NAME = "$(TARGET_NAME)";
				SWIFT_EMIT_LOC_STRINGS = NO;
				SWIFT_VERSION = 5.0;
				TARGETED_DEVICE_FAMILY = "1,2";
				TEST_TARGET_NAME = Savey;
			};
			name = Debug;
		};
		C0E5893D2DB139AB00ECBF15 /* Release */ = {
			isa = XCBuildConfiguration;
			buildSettings = {
				CODE_SIGN_STYLE = Automatic;
				CURRENT_PROJECT_VERSION = 1;
				DEVELOPMENT_TEAM = NB42482NDH;
				GENERATE_INFOPLIST_FILE = YES;
				MARKETING_VERSION = 1.0;
				PRODUCT_BUNDLE_IDENTIFIER = com.eunsong.SaveyUITests;
				PRODUCT_NAME = "$(TARGET_NAME)";
				SWIFT_EMIT_LOC_STRINGS = NO;
				SWIFT_VERSION = 5.0;
				TARGETED_DEVICE_FAMILY = "1,2";
				TEST_TARGET_NAME = Savey;
			};
			name = Release;
		};
/* End XCBuildConfiguration section */

/* Begin XCConfigurationList section */
		C0E589072DB139AA00ECBF15 /* Build configuration list for PBXProject "Savey" */ = {
			isa = XCConfigurationList;
			buildConfigurations = (
				C0E589332DB139AB00ECBF15 /* Debug */,
				C0E589342DB139AB00ECBF15 /* Release */,
			);
			defaultConfigurationIsVisible = 0;
			defaultConfigurationName = Release;
		};
		C0E589352DB139AB00ECBF15 /* Build configuration list for PBXNativeTarget "Savey" */ = {
			isa = XCConfigurationList;
			buildConfigurations = (
				C0E589362DB139AB00ECBF15 /* Debug */,
				C0E589372DB139AB00ECBF15 /* Release */,
			);
			defaultConfigurationIsVisible = 0;
			defaultConfigurationName = Release;
		};
		C0E589382DB139AB00ECBF15 /* Build configuration list for PBXNativeTarget "SaveyTests" */ = {
			isa = XCConfigurationList;
			buildConfigurations = (
				C0E589392DB139AB00ECBF15 /* Debug */,
				C0E5893A2DB139AB00ECBF15 /* Release */,
			);
			defaultConfigurationIsVisible = 0;
			defaultConfigurationName = Release;
		};
		C0E5893B2DB139AB00ECBF15 /* Build configuration list for PBXNativeTarget "SaveyUITests" */ = {
			isa = XCConfigurationList;
			buildConfigurations = (
				C0E5893C2DB139AB00ECBF15 /* Debug */,
				C0E5893D2DB139AB00ECBF15 /* Release */,
			);
			defaultConfigurationIsVisible = 0;
			defaultConfigurationName = Release;
		};
/* End XCConfigurationList section */
	};
	rootObject = C0E589042DB139AA00ECBF15 /* Project object */;
}
